// !$*UTF8*$!
{
	archiveVersion = 1;
	classes = {
	};
	objectVersion = 51;
	objects = {

/* Begin PBXBuildFile section */
		1D146956C9DD1BA13CE7EBB8 /* Pods_my_tracking_app.framework in Frameworks */ = {isa = PBXBuildFile; fileRef = 31826294EDC40B85F972BCC7 /* Pods_my_tracking_app.framework */; };
		9F9D759821DDB6602AD01794 /* Pods_my_tracking_appTests.framework in Frameworks */ = {isa = PBXBuildFile; fileRef = 16E325A54E15F9434533163B /* Pods_my_tracking_appTests.framework */; };
		DE024A10251467C00093A28D /* WorkoutType.swift in Sources */ = {isa = PBXBuildFile; fileRef = DE024A0F251467C00093A28D /* WorkoutType.swift */; };
		DE024A12251B05650093A28D /* WorkoutShared.swift in Sources */ = {isa = PBXBuildFile; fileRef = DE024A11251B05650093A28D /* WorkoutShared.swift */; };
		DE0801C624A45AFD00E9F873 /* SummaryViewController.swift in Sources */ = {isa = PBXBuildFile; fileRef = DE0801C524A45AFD00E9F873 /* SummaryViewController.swift */; };
		DE0801C824A45B0E00E9F873 /* Summary.storyboard in Resources */ = {isa = PBXBuildFile; fileRef = DE0801C724A45B0E00E9F873 /* Summary.storyboard */; };
		DE12BC6E24FDEFA9000A1097 /* Interface.storyboard in Resources */ = {isa = PBXBuildFile; fileRef = DE12BC6C24FDEFA9000A1097 /* Interface.storyboard */; };
		DE12BC7024FDEFAB000A1097 /* Assets.xcassets in Resources */ = {isa = PBXBuildFile; fileRef = DE12BC6F24FDEFAB000A1097 /* Assets.xcassets */; };
		DE12BC7724FDEFAB000A1097 /* MyTrackingAppWatch Extension.appex in Embed App Extensions */ = {isa = PBXBuildFile; fileRef = DE12BC7624FDEFAB000A1097 /* MyTrackingAppWatch Extension.appex */; settings = {ATTRIBUTES = (RemoveHeadersOnCopy, ); }; };
		DE12BC7C24FDEFAB000A1097 /* InterfaceController.swift in Sources */ = {isa = PBXBuildFile; fileRef = DE12BC7B24FDEFAB000A1097 /* InterfaceController.swift */; };
		DE12BC7E24FDEFAB000A1097 /* ExtensionDelegate.swift in Sources */ = {isa = PBXBuildFile; fileRef = DE12BC7D24FDEFAB000A1097 /* ExtensionDelegate.swift */; };
		DE12BC8024FDEFAB000A1097 /* NotificationController.swift in Sources */ = {isa = PBXBuildFile; fileRef = DE12BC7F24FDEFAB000A1097 /* NotificationController.swift */; };
		DE12BC8224FDEFAC000A1097 /* Assets.xcassets in Resources */ = {isa = PBXBuildFile; fileRef = DE12BC8124FDEFAC000A1097 /* Assets.xcassets */; };
		DE12BC8724FDEFAC000A1097 /* MyTrackingAppWatch.app in Embed Watch Content */ = {isa = PBXBuildFile; fileRef = DE12BC6A24FDEFA8000A1097 /* MyTrackingAppWatch.app */; settings = {ATTRIBUTES = (RemoveHeadersOnCopy, ); }; };
		DE12BC9324FF46D8000A1097 /* SummaryInterfaceController.swift in Sources */ = {isa = PBXBuildFile; fileRef = DE12BC9224FF46D7000A1097 /* SummaryInterfaceController.swift */; };
		DE1B12A324E636CB0028FFFD /* HealthData.swift in Sources */ = {isa = PBXBuildFile; fileRef = DE1B12A224E636CA0028FFFD /* HealthData.swift */; };
		DE1B12A624E644A10028FFFD /* HealthKit.framework in Frameworks */ = {isa = PBXBuildFile; fileRef = DE1B12A524E644A10028FFFD /* HealthKit.framework */; };
		DE1B12A824E644BA0028FFFD /* MapKit.framework in Frameworks */ = {isa = PBXBuildFile; fileRef = DE1B12A724E644BA0028FFFD /* MapKit.framework */; };
		DE1B12AA24E7B8FA0028FFFD /* DeviceMotion.swift in Sources */ = {isa = PBXBuildFile; fileRef = DE1B12A924E7B8FA0028FFFD /* DeviceMotion.swift */; };
		DE4F3D6C24A488ED00966B60 /* ToastView.swift in Sources */ = {isa = PBXBuildFile; fileRef = DE4F3D6B24A488ED00966B60 /* ToastView.swift */; };
		DE4FF00A24D0F0F900F980D8 /* ProfileViewController.swift in Sources */ = {isa = PBXBuildFile; fileRef = DE4FF00924D0F0F900F980D8 /* ProfileViewController.swift */; };
		DE4FF00C24D0F11000F980D8 /* Profile.storyboard in Resources */ = {isa = PBXBuildFile; fileRef = DE4FF00B24D0F11000F980D8 /* Profile.storyboard */; };
		DE67A319249889BD000FFEA5 /* AppDelegate.swift in Sources */ = {isa = PBXBuildFile; fileRef = DE67A318249889BD000FFEA5 /* AppDelegate.swift */; };
		DE67A31B249889BD000FFEA5 /* SceneDelegate.swift in Sources */ = {isa = PBXBuildFile; fileRef = DE67A31A249889BD000FFEA5 /* SceneDelegate.swift */; };
		DE67A320249889BD000FFEA5 /* Main.storyboard in Resources */ = {isa = PBXBuildFile; fileRef = DE67A31E249889BD000FFEA5 /* Main.storyboard */; };
		DE67A323249889BD000FFEA5 /* my_tracking_app.xcdatamodeld in Sources */ = {isa = PBXBuildFile; fileRef = DE67A321249889BD000FFEA5 /* my_tracking_app.xcdatamodeld */; };
		DE67A325249889BE000FFEA5 /* Assets.xcassets in Resources */ = {isa = PBXBuildFile; fileRef = DE67A324249889BE000FFEA5 /* Assets.xcassets */; };
		DE67A328249889BE000FFEA5 /* LaunchScreen.storyboard in Resources */ = {isa = PBXBuildFile; fileRef = DE67A326249889BE000FFEA5 /* LaunchScreen.storyboard */; };
		DE67A33E24988B6B000FFEA5 /* HistoryViewController.swift in Sources */ = {isa = PBXBuildFile; fileRef = DE67A33D24988B6B000FFEA5 /* HistoryViewController.swift */; };
		DE67A34224988B9B000FFEA5 /* MapViewController.swift in Sources */ = {isa = PBXBuildFile; fileRef = DE67A34124988B9B000FFEA5 /* MapViewController.swift */; };
		DE67A34524988DED000FFEA5 /* TabViewController.swift in Sources */ = {isa = PBXBuildFile; fileRef = DE67A34424988DED000FFEA5 /* TabViewController.swift */; };
		DE67A34B2498A34D000FFEA5 /* HistoryTableViewCell.swift in Sources */ = {isa = PBXBuildFile; fileRef = DE67A34A2498A34D000FFEA5 /* HistoryTableViewCell.swift */; };
		DE67A3802499C902000FFEA5 /* DataManager.swift in Sources */ = {isa = PBXBuildFile; fileRef = DE67A37F2499C902000FFEA5 /* DataManager.swift */; };
		DE7FCB2024A04915009EC89B /* Timer.swift in Sources */ = {isa = PBXBuildFile; fileRef = DE7FCB1F24A04915009EC89B /* Timer.swift */; };
		DE835AF124BE044F00122C2C /* Chart.storyboard in Resources */ = {isa = PBXBuildFile; fileRef = DE835AF024BE044F00122C2C /* Chart.storyboard */; };
		DEB238FA24BE441500364F15 /* CubicChart.swift in Sources */ = {isa = PBXBuildFile; fileRef = DEB238F724BE441500364F15 /* CubicChart.swift */; };
		DEB238FB24BE441500364F15 /* ChartFormatter.swift in Sources */ = {isa = PBXBuildFile; fileRef = DEB238F824BE441500364F15 /* ChartFormatter.swift */; };
		DEB238FC24BE441500364F15 /* ChartViewController.swift in Sources */ = {isa = PBXBuildFile; fileRef = DEB238F924BE441500364F15 /* ChartViewController.swift */; };
		DEFCD747249B364D007D7E75 /* History.storyboard in Resources */ = {isa = PBXBuildFile; fileRef = DEFCD746249B364D007D7E75 /* History.storyboard */; };
		DEFCD749249B36A0007D7E75 /* Map.storyboard in Resources */ = {isa = PBXBuildFile; fileRef = DEFCD748249B36A0007D7E75 /* Map.storyboard */; };
		E82D14F124A287AA002A0773 /* LocationAnnotation.swift in Sources */ = {isa = PBXBuildFile; fileRef = E82D14F024A287AA002A0773 /* LocationAnnotation.swift */; };
		E8F3BEC124BFDBFD0037AFD8 /* TextToSpeech.swift in Sources */ = {isa = PBXBuildFile; fileRef = E8F3BEC024BFDBFD0037AFD8 /* TextToSpeech.swift */; };
		F21F730224BCFC0C00F13590 /* LocalizationKeyEnum.swift in Sources */ = {isa = PBXBuildFile; fileRef = F21F730124BCFC0C00F13590 /* LocalizationKeyEnum.swift */; };
		F2702F0624A5227B002AE16F /* WorkoutDataHelper.swift in Sources */ = {isa = PBXBuildFile; fileRef = F2702F0524A5227B002AE16F /* WorkoutDataHelper.swift */; };
		F291B55424C0D31700AD2EBF /* WorkoutDataHelperTests.swift in Sources */ = {isa = PBXBuildFile; fileRef = F291B55324C0D31700AD2EBF /* WorkoutDataHelperTests.swift */; };
		F2AA4B9D24AAB6E500BB00DA /* SettingsViewController.swift in Sources */ = {isa = PBXBuildFile; fileRef = F2AA4B9C24AAB6E500BB00DA /* SettingsViewController.swift */; };
		F2AA4B9F24B6728700BB00DA /* Settings.storyboard in Resources */ = {isa = PBXBuildFile; fileRef = F2AA4B9E24B6728700BB00DA /* Settings.storyboard */; };
		F2ACEB8E24A1789500ED9079 /* MapViewDelegate.swift in Sources */ = {isa = PBXBuildFile; fileRef = F2ACEB8D24A1789500ED9079 /* MapViewDelegate.swift */; };
		F2ACEB9024A1A44200ED9079 /* MyTrackingTests.swift in Sources */ = {isa = PBXBuildFile; fileRef = F2ACEB8F24A1A44200ED9079 /* MyTrackingTests.swift */; };
		F2B350D724B909670029B093 /* SettingSelectionViewController.swift in Sources */ = {isa = PBXBuildFile; fileRef = F2B350D624B909670029B093 /* SettingSelectionViewController.swift */; };
		F2B350DC24B90D6E0029B093 /* CheckTableViewCell.swift in Sources */ = {isa = PBXBuildFile; fileRef = F2B350DA24B90D6E0029B093 /* CheckTableViewCell.swift */; };
		F2B350DD24B90D6E0029B093 /* Checkbox.swift in Sources */ = {isa = PBXBuildFile; fileRef = F2B350DB24B90D6E0029B093 /* Checkbox.swift */; };
/* End PBXBuildFile section */

/* Begin PBXContainerItemProxy section */
		DE12BC7824FDEFAB000A1097 /* PBXContainerItemProxy */ = {
			isa = PBXContainerItemProxy;
			containerPortal = DE67A30D249889BD000FFEA5 /* Project object */;
			proxyType = 1;
			remoteGlobalIDString = DE12BC7524FDEFAB000A1097;
			remoteInfo = "MyTrackingAppWatch Extension";
		};
		DE12BC8524FDEFAC000A1097 /* PBXContainerItemProxy */ = {
			isa = PBXContainerItemProxy;
			containerPortal = DE67A30D249889BD000FFEA5 /* Project object */;
			proxyType = 1;
			remoteGlobalIDString = DE12BC6924FDEFA8000A1097;
			remoteInfo = MyTrackingAppWatch;
		};
		DE67A32F249889BE000FFEA5 /* PBXContainerItemProxy */ = {
			isa = PBXContainerItemProxy;
			containerPortal = DE67A30D249889BD000FFEA5 /* Project object */;
			proxyType = 1;
			remoteGlobalIDString = DE67A314249889BD000FFEA5;
			remoteInfo = my_tracking_app;
		};
/* End PBXContainerItemProxy section */

/* Begin PBXCopyFilesBuildPhase section */
		DE12BC8824FDEFAC000A1097 /* Embed Watch Content */ = {
			isa = PBXCopyFilesBuildPhase;
			buildActionMask = 2147483647;
			dstPath = "$(CONTENTS_FOLDER_PATH)/Watch";
			dstSubfolderSpec = 16;
			files = (
				DE12BC8724FDEFAC000A1097 /* MyTrackingAppWatch.app in Embed Watch Content */,
			);
			name = "Embed Watch Content";
			runOnlyForDeploymentPostprocessing = 0;
		};
		DE12BC8B24FDEFAC000A1097 /* Embed App Extensions */ = {
			isa = PBXCopyFilesBuildPhase;
			buildActionMask = 2147483647;
			dstPath = "";
			dstSubfolderSpec = 13;
			files = (
				DE12BC7724FDEFAB000A1097 /* MyTrackingAppWatch Extension.appex in Embed App Extensions */,
			);
			name = "Embed App Extensions";
			runOnlyForDeploymentPostprocessing = 0;
		};
/* End PBXCopyFilesBuildPhase section */

/* Begin PBXFileReference section */
		1676BEA3E1160BC82F37ECD3 /* Pods-my_tracking_appTests.release.xcconfig */ = {isa = PBXFileReference; includeInIndex = 1; lastKnownFileType = text.xcconfig; name = "Pods-my_tracking_appTests.release.xcconfig"; path = "Target Support Files/Pods-my_tracking_appTests/Pods-my_tracking_appTests.release.xcconfig"; sourceTree = "<group>"; };
		16E325A54E15F9434533163B /* Pods_my_tracking_appTests.framework */ = {isa = PBXFileReference; explicitFileType = wrapper.framework; includeInIndex = 0; path = Pods_my_tracking_appTests.framework; sourceTree = BUILT_PRODUCTS_DIR; };
		2CADC9C854ED767557D76DB2 /* Pods-my_tracking_app.debug.xcconfig */ = {isa = PBXFileReference; includeInIndex = 1; lastKnownFileType = text.xcconfig; name = "Pods-my_tracking_app.debug.xcconfig"; path = "Target Support Files/Pods-my_tracking_app/Pods-my_tracking_app.debug.xcconfig"; sourceTree = "<group>"; };
		31826294EDC40B85F972BCC7 /* Pods_my_tracking_app.framework */ = {isa = PBXFileReference; explicitFileType = wrapper.framework; includeInIndex = 0; path = Pods_my_tracking_app.framework; sourceTree = BUILT_PRODUCTS_DIR; };
		683FC8D79AFBFF15D38889D4 /* Pods-my_tracking_appTests.debug.xcconfig */ = {isa = PBXFileReference; includeInIndex = 1; lastKnownFileType = text.xcconfig; name = "Pods-my_tracking_appTests.debug.xcconfig"; path = "Target Support Files/Pods-my_tracking_appTests/Pods-my_tracking_appTests.debug.xcconfig"; sourceTree = "<group>"; };
		6A7ECC5C46E31B3FF050AD11 /* Pods-my_tracking_app.release.xcconfig */ = {isa = PBXFileReference; includeInIndex = 1; lastKnownFileType = text.xcconfig; name = "Pods-my_tracking_app.release.xcconfig"; path = "Target Support Files/Pods-my_tracking_app/Pods-my_tracking_app.release.xcconfig"; sourceTree = "<group>"; };
		DE024A0F251467C00093A28D /* WorkoutType.swift */ = {isa = PBXFileReference; lastKnownFileType = sourcecode.swift; path = WorkoutType.swift; sourceTree = "<group>"; };
		DE024A11251B05650093A28D /* WorkoutShared.swift */ = {isa = PBXFileReference; lastKnownFileType = sourcecode.swift; path = WorkoutShared.swift; sourceTree = "<group>"; };
		DE0801C524A45AFD00E9F873 /* SummaryViewController.swift */ = {isa = PBXFileReference; lastKnownFileType = sourcecode.swift; path = SummaryViewController.swift; sourceTree = "<group>"; };
		DE0801C724A45B0E00E9F873 /* Summary.storyboard */ = {isa = PBXFileReference; lastKnownFileType = file.storyboard; path = Summary.storyboard; sourceTree = "<group>"; };
		DE12BC6A24FDEFA8000A1097 /* MyTrackingAppWatch.app */ = {isa = PBXFileReference; explicitFileType = wrapper.application; includeInIndex = 0; path = MyTrackingAppWatch.app; sourceTree = BUILT_PRODUCTS_DIR; };
		DE12BC6D24FDEFA9000A1097 /* Base */ = {isa = PBXFileReference; lastKnownFileType = file.storyboard; name = Base; path = Base.lproj/Interface.storyboard; sourceTree = "<group>"; };
		DE12BC6F24FDEFAB000A1097 /* Assets.xcassets */ = {isa = PBXFileReference; lastKnownFileType = folder.assetcatalog; path = Assets.xcassets; sourceTree = "<group>"; };
		DE12BC7124FDEFAB000A1097 /* Info.plist */ = {isa = PBXFileReference; lastKnownFileType = text.plist.xml; path = Info.plist; sourceTree = "<group>"; };
		DE12BC7624FDEFAB000A1097 /* MyTrackingAppWatch Extension.appex */ = {isa = PBXFileReference; explicitFileType = "wrapper.app-extension"; includeInIndex = 0; path = "MyTrackingAppWatch Extension.appex"; sourceTree = BUILT_PRODUCTS_DIR; };
		DE12BC7B24FDEFAB000A1097 /* InterfaceController.swift */ = {isa = PBXFileReference; lastKnownFileType = sourcecode.swift; path = InterfaceController.swift; sourceTree = "<group>"; };
		DE12BC7D24FDEFAB000A1097 /* ExtensionDelegate.swift */ = {isa = PBXFileReference; lastKnownFileType = sourcecode.swift; path = ExtensionDelegate.swift; sourceTree = "<group>"; };
		DE12BC7F24FDEFAB000A1097 /* NotificationController.swift */ = {isa = PBXFileReference; lastKnownFileType = sourcecode.swift; path = NotificationController.swift; sourceTree = "<group>"; };
		DE12BC8124FDEFAC000A1097 /* Assets.xcassets */ = {isa = PBXFileReference; lastKnownFileType = folder.assetcatalog; path = Assets.xcassets; sourceTree = "<group>"; };
		DE12BC8324FDEFAC000A1097 /* Info.plist */ = {isa = PBXFileReference; lastKnownFileType = text.plist.xml; path = Info.plist; sourceTree = "<group>"; };
		DE12BC8424FDEFAC000A1097 /* PushNotificationPayload.apns */ = {isa = PBXFileReference; lastKnownFileType = text; path = PushNotificationPayload.apns; sourceTree = "<group>"; };
		DE12BC9224FF46D7000A1097 /* SummaryInterfaceController.swift */ = {isa = PBXFileReference; lastKnownFileType = sourcecode.swift; path = SummaryInterfaceController.swift; sourceTree = "<group>"; };
		DE1B12A224E636CA0028FFFD /* HealthData.swift */ = {isa = PBXFileReference; lastKnownFileType = sourcecode.swift; path = HealthData.swift; sourceTree = "<group>"; };
		DE1B12A424E644A10028FFFD /* my_tracking_app.entitlements */ = {isa = PBXFileReference; lastKnownFileType = text.plist.entitlements; path = my_tracking_app.entitlements; sourceTree = "<group>"; };
		DE1B12A524E644A10028FFFD /* HealthKit.framework */ = {isa = PBXFileReference; lastKnownFileType = wrapper.framework; name = HealthKit.framework; path = System/Library/Frameworks/HealthKit.framework; sourceTree = SDKROOT; };
		DE1B12A724E644BA0028FFFD /* MapKit.framework */ = {isa = PBXFileReference; lastKnownFileType = wrapper.framework; name = MapKit.framework; path = System/Library/Frameworks/MapKit.framework; sourceTree = SDKROOT; };
		DE1B12A924E7B8FA0028FFFD /* DeviceMotion.swift */ = {isa = PBXFileReference; lastKnownFileType = sourcecode.swift; path = DeviceMotion.swift; sourceTree = "<group>"; };
		DE4F3D6B24A488ED00966B60 /* ToastView.swift */ = {isa = PBXFileReference; lastKnownFileType = sourcecode.swift; path = ToastView.swift; sourceTree = "<group>"; };
		DE4FF00924D0F0F900F980D8 /* ProfileViewController.swift */ = {isa = PBXFileReference; lastKnownFileType = sourcecode.swift; path = ProfileViewController.swift; sourceTree = "<group>"; };
		DE4FF00B24D0F11000F980D8 /* Profile.storyboard */ = {isa = PBXFileReference; lastKnownFileType = file.storyboard; path = Profile.storyboard; sourceTree = "<group>"; };
		DE67A315249889BD000FFEA5 /* my_tracking_app.app */ = {isa = PBXFileReference; explicitFileType = wrapper.application; includeInIndex = 0; path = my_tracking_app.app; sourceTree = BUILT_PRODUCTS_DIR; };
		DE67A318249889BD000FFEA5 /* AppDelegate.swift */ = {isa = PBXFileReference; lastKnownFileType = sourcecode.swift; path = AppDelegate.swift; sourceTree = "<group>"; };
		DE67A31A249889BD000FFEA5 /* SceneDelegate.swift */ = {isa = PBXFileReference; lastKnownFileType = sourcecode.swift; path = SceneDelegate.swift; sourceTree = "<group>"; };
		DE67A31F249889BD000FFEA5 /* Base */ = {isa = PBXFileReference; lastKnownFileType = file.storyboard; name = Base; path = Base.lproj/Main.storyboard; sourceTree = "<group>"; };
		DE67A322249889BD000FFEA5 /* my_tracking_app.xcdatamodel */ = {isa = PBXFileReference; lastKnownFileType = wrapper.xcdatamodel; path = my_tracking_app.xcdatamodel; sourceTree = "<group>"; };
		DE67A324249889BE000FFEA5 /* Assets.xcassets */ = {isa = PBXFileReference; lastKnownFileType = folder.assetcatalog; path = Assets.xcassets; sourceTree = "<group>"; };
		DE67A327249889BE000FFEA5 /* Base */ = {isa = PBXFileReference; lastKnownFileType = file.storyboard; name = Base; path = Base.lproj/LaunchScreen.storyboard; sourceTree = "<group>"; };
		DE67A329249889BE000FFEA5 /* Info.plist */ = {isa = PBXFileReference; lastKnownFileType = text.plist.xml; path = Info.plist; sourceTree = "<group>"; };
		DE67A32E249889BE000FFEA5 /* my_tracking_appTests.xctest */ = {isa = PBXFileReference; explicitFileType = wrapper.cfbundle; includeInIndex = 0; path = my_tracking_appTests.xctest; sourceTree = BUILT_PRODUCTS_DIR; };
		DE67A334249889BE000FFEA5 /* Info.plist */ = {isa = PBXFileReference; lastKnownFileType = text.plist.xml; path = Info.plist; sourceTree = "<group>"; };
		DE67A33D24988B6B000FFEA5 /* HistoryViewController.swift */ = {isa = PBXFileReference; lastKnownFileType = sourcecode.swift; path = HistoryViewController.swift; sourceTree = "<group>"; };
		DE67A34124988B9B000FFEA5 /* MapViewController.swift */ = {isa = PBXFileReference; lastKnownFileType = sourcecode.swift; path = MapViewController.swift; sourceTree = "<group>"; };
		DE67A34424988DED000FFEA5 /* TabViewController.swift */ = {isa = PBXFileReference; lastKnownFileType = sourcecode.swift; path = TabViewController.swift; sourceTree = "<group>"; };
		DE67A34A2498A34D000FFEA5 /* HistoryTableViewCell.swift */ = {isa = PBXFileReference; lastKnownFileType = sourcecode.swift; path = HistoryTableViewCell.swift; sourceTree = "<group>"; };
		DE67A37F2499C902000FFEA5 /* DataManager.swift */ = {isa = PBXFileReference; lastKnownFileType = sourcecode.swift; path = DataManager.swift; sourceTree = "<group>"; };
		DE7FCB1F24A04915009EC89B /* Timer.swift */ = {isa = PBXFileReference; lastKnownFileType = sourcecode.swift; path = Timer.swift; sourceTree = "<group>"; };
		DE835AF024BE044F00122C2C /* Chart.storyboard */ = {isa = PBXFileReference; lastKnownFileType = file.storyboard; path = Chart.storyboard; sourceTree = "<group>"; };
		DEB238F724BE441500364F15 /* CubicChart.swift */ = {isa = PBXFileReference; fileEncoding = 4; lastKnownFileType = sourcecode.swift; path = CubicChart.swift; sourceTree = "<group>"; };
		DEB238F824BE441500364F15 /* ChartFormatter.swift */ = {isa = PBXFileReference; fileEncoding = 4; lastKnownFileType = sourcecode.swift; path = ChartFormatter.swift; sourceTree = "<group>"; };
		DEB238F924BE441500364F15 /* ChartViewController.swift */ = {isa = PBXFileReference; fileEncoding = 4; lastKnownFileType = sourcecode.swift; path = ChartViewController.swift; sourceTree = "<group>"; };
		DEFCD746249B364D007D7E75 /* History.storyboard */ = {isa = PBXFileReference; lastKnownFileType = file.storyboard; path = History.storyboard; sourceTree = "<group>"; };
		DEFCD748249B36A0007D7E75 /* Map.storyboard */ = {isa = PBXFileReference; lastKnownFileType = file.storyboard; path = Map.storyboard; sourceTree = "<group>"; };
		E82D14F024A287AA002A0773 /* LocationAnnotation.swift */ = {isa = PBXFileReference; lastKnownFileType = sourcecode.swift; path = LocationAnnotation.swift; sourceTree = "<group>"; };
		E8F3BEC024BFDBFD0037AFD8 /* TextToSpeech.swift */ = {isa = PBXFileReference; lastKnownFileType = sourcecode.swift; path = TextToSpeech.swift; sourceTree = "<group>"; };
		F21F730124BCFC0C00F13590 /* LocalizationKeyEnum.swift */ = {isa = PBXFileReference; fileEncoding = 4; lastKnownFileType = sourcecode.swift; path = LocalizationKeyEnum.swift; sourceTree = "<group>"; };
		F2702F0524A5227B002AE16F /* WorkoutDataHelper.swift */ = {isa = PBXFileReference; lastKnownFileType = sourcecode.swift; path = WorkoutDataHelper.swift; sourceTree = "<group>"; };
		F291B55324C0D31700AD2EBF /* WorkoutDataHelperTests.swift */ = {isa = PBXFileReference; lastKnownFileType = sourcecode.swift; path = WorkoutDataHelperTests.swift; sourceTree = "<group>"; };
		F2AA4B9C24AAB6E500BB00DA /* SettingsViewController.swift */ = {isa = PBXFileReference; lastKnownFileType = sourcecode.swift; path = SettingsViewController.swift; sourceTree = "<group>"; };
		F2AA4B9E24B6728700BB00DA /* Settings.storyboard */ = {isa = PBXFileReference; lastKnownFileType = file.storyboard; path = Settings.storyboard; sourceTree = "<group>"; };
		F2ACEB8D24A1789500ED9079 /* MapViewDelegate.swift */ = {isa = PBXFileReference; lastKnownFileType = sourcecode.swift; path = MapViewDelegate.swift; sourceTree = "<group>"; };
		F2ACEB8F24A1A44200ED9079 /* MyTrackingTests.swift */ = {isa = PBXFileReference; lastKnownFileType = sourcecode.swift; path = MyTrackingTests.swift; sourceTree = "<group>"; };
		F2B350D624B909670029B093 /* SettingSelectionViewController.swift */ = {isa = PBXFileReference; lastKnownFileType = sourcecode.swift; path = SettingSelectionViewController.swift; sourceTree = "<group>"; };
		F2B350DA24B90D6E0029B093 /* CheckTableViewCell.swift */ = {isa = PBXFileReference; fileEncoding = 4; lastKnownFileType = sourcecode.swift; path = CheckTableViewCell.swift; sourceTree = "<group>"; };
		F2B350DB24B90D6E0029B093 /* Checkbox.swift */ = {isa = PBXFileReference; fileEncoding = 4; lastKnownFileType = sourcecode.swift; path = Checkbox.swift; sourceTree = "<group>"; };
/* End PBXFileReference section */

/* Begin PBXFrameworksBuildPhase section */
		DE12BC7324FDEFAB000A1097 /* Frameworks */ = {
			isa = PBXFrameworksBuildPhase;
			buildActionMask = 2147483647;
			files = (
			);
			runOnlyForDeploymentPostprocessing = 0;
		};
		DE67A312249889BD000FFEA5 /* Frameworks */ = {
			isa = PBXFrameworksBuildPhase;
			buildActionMask = 2147483647;
			files = (
				1D146956C9DD1BA13CE7EBB8 /* Pods_my_tracking_app.framework in Frameworks */,
				DE1B12A824E644BA0028FFFD /* MapKit.framework in Frameworks */,
				DE1B12A624E644A10028FFFD /* HealthKit.framework in Frameworks */,
			);
			runOnlyForDeploymentPostprocessing = 0;
		};
		DE67A32B249889BE000FFEA5 /* Frameworks */ = {
			isa = PBXFrameworksBuildPhase;
			buildActionMask = 2147483647;
			files = (
				9F9D759821DDB6602AD01794 /* Pods_my_tracking_appTests.framework in Frameworks */,
			);
			runOnlyForDeploymentPostprocessing = 0;
		};
/* End PBXFrameworksBuildPhase section */

/* Begin PBXGroup section */
		215E0085BAB6256F4848CD1D /* Frameworks */ = {
			isa = PBXGroup;
			children = (
				DE1B12A724E644BA0028FFFD /* MapKit.framework */,
				DE1B12A524E644A10028FFFD /* HealthKit.framework */,
				31826294EDC40B85F972BCC7 /* Pods_my_tracking_app.framework */,
				16E325A54E15F9434533163B /* Pods_my_tracking_appTests.framework */,
			);
			name = Frameworks;
			sourceTree = "<group>";
		};
		3722C13CA33BB27C675AB3FE /* Pods */ = {
			isa = PBXGroup;
			children = (
				2CADC9C854ED767557D76DB2 /* Pods-my_tracking_app.debug.xcconfig */,
				683FC8D79AFBFF15D38889D4 /* Pods-my_tracking_appTests.debug.xcconfig */,
				1676BEA3E1160BC82F37ECD3 /* Pods-my_tracking_appTests.release.xcconfig */,
				6A7ECC5C46E31B3FF050AD11 /* Pods-my_tracking_app.release.xcconfig */,
			);
			path = Pods;
			sourceTree = "<group>";
		};
		DE12BC6B24FDEFA8000A1097 /* MyTrackingAppWatch */ = {
			isa = PBXGroup;
			children = (
				DE12BC6C24FDEFA9000A1097 /* Interface.storyboard */,
				DE12BC6F24FDEFAB000A1097 /* Assets.xcassets */,
				DE12BC7124FDEFAB000A1097 /* Info.plist */,
			);
			path = MyTrackingAppWatch;
			sourceTree = "<group>";
		};
		DE12BC7A24FDEFAB000A1097 /* MyTrackingAppWatch Extension */ = {
			isa = PBXGroup;
			children = (
				DE12BC7B24FDEFAB000A1097 /* InterfaceController.swift */,
				DE12BC9224FF46D7000A1097 /* SummaryInterfaceController.swift */,
				DE12BC7D24FDEFAB000A1097 /* ExtensionDelegate.swift */,
				DE12BC7F24FDEFAB000A1097 /* NotificationController.swift */,
				DE024A11251B05650093A28D /* WorkoutShared.swift */,
				DE024A0F251467C00093A28D /* WorkoutType.swift */,
				DE12BC8124FDEFAC000A1097 /* Assets.xcassets */,
				DE12BC8324FDEFAC000A1097 /* Info.plist */,
				DE12BC8424FDEFAC000A1097 /* PushNotificationPayload.apns */,
			);
			path = "MyTrackingAppWatch Extension";
			sourceTree = "<group>";
		};
		DE67A30C249889BD000FFEA5 = {
			isa = PBXGroup;
			children = (
				DE67A317249889BD000FFEA5 /* my_tracking_app */,
				DE67A331249889BE000FFEA5 /* my_tracking_appTests */,
				DE12BC6B24FDEFA8000A1097 /* MyTrackingAppWatch */,
				DE12BC7A24FDEFAB000A1097 /* MyTrackingAppWatch Extension */,
				DE67A316249889BD000FFEA5 /* Products */,
				3722C13CA33BB27C675AB3FE /* Pods */,
				215E0085BAB6256F4848CD1D /* Frameworks */,
			);
			sourceTree = "<group>";
		};
		DE67A316249889BD000FFEA5 /* Products */ = {
			isa = PBXGroup;
			children = (
				DE67A315249889BD000FFEA5 /* my_tracking_app.app */,
				DE67A32E249889BE000FFEA5 /* my_tracking_appTests.xctest */,
				DE12BC6A24FDEFA8000A1097 /* MyTrackingAppWatch.app */,
				DE12BC7624FDEFAB000A1097 /* MyTrackingAppWatch Extension.appex */,
			);
			name = Products;
			sourceTree = "<group>";
		};
		DE67A317249889BD000FFEA5 /* my_tracking_app */ = {
			isa = PBXGroup;
			children = (
				DE1B12A424E644A10028FFFD /* my_tracking_app.entitlements */,
				DEB238F824BE441500364F15 /* ChartFormatter.swift */,
				DEB238F924BE441500364F15 /* ChartViewController.swift */,
				DEB238F724BE441500364F15 /* CubicChart.swift */,
				F2B350DB24B90D6E0029B093 /* Checkbox.swift */,
				F2B350DA24B90D6E0029B093 /* CheckTableViewCell.swift */,
				DE1B12A224E636CA0028FFFD /* HealthData.swift */,
				DE67A33D24988B6B000FFEA5 /* HistoryViewController.swift */,
				DE67A34A2498A34D000FFEA5 /* HistoryTableViewCell.swift */,
				F21F730124BCFC0C00F13590 /* LocalizationKeyEnum.swift */,
				E82D14F024A287AA002A0773 /* LocationAnnotation.swift */,
				DE67A34124988B9B000FFEA5 /* MapViewController.swift */,
				F2ACEB8D24A1789500ED9079 /* MapViewDelegate.swift */,
				DE1B12A924E7B8FA0028FFFD /* DeviceMotion.swift */,
				DE4FF00924D0F0F900F980D8 /* ProfileViewController.swift */,
				F2B350D624B909670029B093 /* SettingSelectionViewController.swift */,
				F2AA4B9C24AAB6E500BB00DA /* SettingsViewController.swift */,
				DE0801C524A45AFD00E9F873 /* SummaryViewController.swift */,
				DE67A34424988DED000FFEA5 /* TabViewController.swift */,
				DE7FCB1F24A04915009EC89B /* Timer.swift */,
				DE4F3D6B24A488ED00966B60 /* ToastView.swift */,
				E8F3BEC024BFDBFD0037AFD8 /* TextToSpeech.swift */,
				F2702F0524A5227B002AE16F /* WorkoutDataHelper.swift */,
				DEFCD74A249B4183007D7E75 /* Storyboards */,
				DEFCD74C249B4202007D7E75 /* Core Data  */,
				DE67A318249889BD000FFEA5 /* AppDelegate.swift */,
				DE67A31A249889BD000FFEA5 /* SceneDelegate.swift */,
				DE67A324249889BE000FFEA5 /* Assets.xcassets */,
				DE67A329249889BE000FFEA5 /* Info.plist */,
			);
			path = my_tracking_app;
			sourceTree = "<group>";
		};
		DE67A331249889BE000FFEA5 /* my_tracking_appTests */ = {
			isa = PBXGroup;
			children = (
				DE67A334249889BE000FFEA5 /* Info.plist */,
				F2ACEB8F24A1A44200ED9079 /* MyTrackingTests.swift */,
				F291B55324C0D31700AD2EBF /* WorkoutDataHelperTests.swift */,
			);
			path = my_tracking_appTests;
			sourceTree = "<group>";
		};
		DEFCD74A249B4183007D7E75 /* Storyboards */ = {
			isa = PBXGroup;
			children = (
				DE835AF024BE044F00122C2C /* Chart.storyboard */,
				DEFCD746249B364D007D7E75 /* History.storyboard */,
				DE67A326249889BE000FFEA5 /* LaunchScreen.storyboard */,
				DE67A31E249889BD000FFEA5 /* Main.storyboard */,
				DEFCD748249B36A0007D7E75 /* Map.storyboard */,
				DE4FF00B24D0F11000F980D8 /* Profile.storyboard */,
				F2AA4B9E24B6728700BB00DA /* Settings.storyboard */,
				DE0801C724A45B0E00E9F873 /* Summary.storyboard */,
			);
			name = Storyboards;
			path = ..;
			sourceTree = "<group>";
		};
		DEFCD74C249B4202007D7E75 /* Core Data  */ = {
			isa = PBXGroup;
			children = (
				DE67A37F2499C902000FFEA5 /* DataManager.swift */,
				DE67A321249889BD000FFEA5 /* my_tracking_app.xcdatamodeld */,
			);
			name = "Core Data ";
			sourceTree = "<group>";
		};
/* End PBXGroup section */

/* Begin PBXNativeTarget section */
		DE12BC6924FDEFA8000A1097 /* MyTrackingAppWatch */ = {
			isa = PBXNativeTarget;
			buildConfigurationList = DE12BC8F24FDEFAC000A1097 /* Build configuration list for PBXNativeTarget "MyTrackingAppWatch" */;
			buildPhases = (
				DE12BC6824FDEFA8000A1097 /* Resources */,
				DE12BC8B24FDEFAC000A1097 /* Embed App Extensions */,
			);
			buildRules = (
			);
			dependencies = (
				DE12BC7924FDEFAB000A1097 /* PBXTargetDependency */,
			);
			name = MyTrackingAppWatch;
			productName = MyTrackingAppWatch;
			productReference = DE12BC6A24FDEFA8000A1097 /* MyTrackingAppWatch.app */;
			productType = "com.apple.product-type.application.watchapp2";
		};
		DE12BC7524FDEFAB000A1097 /* MyTrackingAppWatch Extension */ = {
			isa = PBXNativeTarget;
			buildConfigurationList = DE12BC8E24FDEFAC000A1097 /* Build configuration list for PBXNativeTarget "MyTrackingAppWatch Extension" */;
			buildPhases = (
				DE12BC7224FDEFAB000A1097 /* Sources */,
				DE12BC7324FDEFAB000A1097 /* Frameworks */,
				DE12BC7424FDEFAB000A1097 /* Resources */,
			);
			buildRules = (
			);
			dependencies = (
			);
			name = "MyTrackingAppWatch Extension";
			productName = "MyTrackingAppWatch Extension";
			productReference = DE12BC7624FDEFAB000A1097 /* MyTrackingAppWatch Extension.appex */;
			productType = "com.apple.product-type.watchkit2-extension";
		};
		DE67A314249889BD000FFEA5 /* my_tracking_app */ = {
			isa = PBXNativeTarget;
			buildConfigurationList = DE67A337249889BE000FFEA5 /* Build configuration list for PBXNativeTarget "my_tracking_app" */;
			buildPhases = (
				88660E75E2C32ABE382D5A52 /* [CP] Check Pods Manifest.lock */,
				DE67A311249889BD000FFEA5 /* Sources */,
				DE67A312249889BD000FFEA5 /* Frameworks */,
				DE67A313249889BD000FFEA5 /* Resources */,
				15638D744B0D47421E2D6C5A /* [CP] Embed Pods Frameworks */,
				DE12BC8824FDEFAC000A1097 /* Embed Watch Content */,
			);
			buildRules = (
			);
			dependencies = (
				DE12BC8624FDEFAC000A1097 /* PBXTargetDependency */,
			);
			name = my_tracking_app;
			productName = my_tracking_app;
			productReference = DE67A315249889BD000FFEA5 /* my_tracking_app.app */;
			productType = "com.apple.product-type.application";
		};
		DE67A32D249889BE000FFEA5 /* my_tracking_appTests */ = {
			isa = PBXNativeTarget;
			buildConfigurationList = DE67A33A249889BE000FFEA5 /* Build configuration list for PBXNativeTarget "my_tracking_appTests" */;
			buildPhases = (
				91B85A8D8C9FAFD60F803376 /* [CP] Check Pods Manifest.lock */,
				DE67A32A249889BE000FFEA5 /* Sources */,
				DE67A32B249889BE000FFEA5 /* Frameworks */,
				DE67A32C249889BE000FFEA5 /* Resources */,
			);
			buildRules = (
			);
			dependencies = (
				DE67A330249889BE000FFEA5 /* PBXTargetDependency */,
			);
			name = my_tracking_appTests;
			productName = my_tracking_appTests;
			productReference = DE67A32E249889BE000FFEA5 /* my_tracking_appTests.xctest */;
			productType = "com.apple.product-type.bundle.unit-test";
		};
/* End PBXNativeTarget section */

/* Begin PBXProject section */
		DE67A30D249889BD000FFEA5 /* Project object */ = {
			isa = PBXProject;
			attributes = {
				LastSwiftUpdateCheck = 1160;
				LastUpgradeCheck = 1130;
				ORGANIZATIONNAME = HomeFoxDev;
				TargetAttributes = {
					DE12BC6924FDEFA8000A1097 = {
						CreatedOnToolsVersion = 11.6;
					};
					DE12BC7524FDEFAB000A1097 = {
						CreatedOnToolsVersion = 11.6;
					};
					DE67A314249889BD000FFEA5 = {
						CreatedOnToolsVersion = 11.3;
					};
					DE67A32D249889BE000FFEA5 = {
						CreatedOnToolsVersion = 11.3;
						LastSwiftMigration = 1150;
						TestTargetID = DE67A314249889BD000FFEA5;
					};
				};
			};
			buildConfigurationList = DE67A310249889BD000FFEA5 /* Build configuration list for PBXProject "my_tracking_app" */;
			compatibilityVersion = "Xcode 9.3";
			developmentRegion = en;
			hasScannedForEncodings = 0;
			knownRegions = (
				en,
				Base,
			);
			mainGroup = DE67A30C249889BD000FFEA5;
			productRefGroup = DE67A316249889BD000FFEA5 /* Products */;
			projectDirPath = "";
			projectRoot = "";
			targets = (
				DE67A314249889BD000FFEA5 /* my_tracking_app */,
				DE67A32D249889BE000FFEA5 /* my_tracking_appTests */,
				DE12BC6924FDEFA8000A1097 /* MyTrackingAppWatch */,
				DE12BC7524FDEFAB000A1097 /* MyTrackingAppWatch Extension */,
			);
		};
/* End PBXProject section */

/* Begin PBXResourcesBuildPhase section */
		DE12BC6824FDEFA8000A1097 /* Resources */ = {
			isa = PBXResourcesBuildPhase;
			buildActionMask = 2147483647;
			files = (
				DE12BC7024FDEFAB000A1097 /* Assets.xcassets in Resources */,
				DE12BC6E24FDEFA9000A1097 /* Interface.storyboard in Resources */,
			);
			runOnlyForDeploymentPostprocessing = 0;
		};
		DE12BC7424FDEFAB000A1097 /* Resources */ = {
			isa = PBXResourcesBuildPhase;
			buildActionMask = 2147483647;
			files = (
				DE12BC8224FDEFAC000A1097 /* Assets.xcassets in Resources */,
			);
			runOnlyForDeploymentPostprocessing = 0;
		};
		DE67A313249889BD000FFEA5 /* Resources */ = {
			isa = PBXResourcesBuildPhase;
			buildActionMask = 2147483647;
			files = (
				DE67A328249889BE000FFEA5 /* LaunchScreen.storyboard in Resources */,
				DE835AF124BE044F00122C2C /* Chart.storyboard in Resources */,
				DE0801C824A45B0E00E9F873 /* Summary.storyboard in Resources */,
				DE67A325249889BE000FFEA5 /* Assets.xcassets in Resources */,
				DEFCD749249B36A0007D7E75 /* Map.storyboard in Resources */,
				DE67A320249889BD000FFEA5 /* Main.storyboard in Resources */,
				DE4FF00C24D0F11000F980D8 /* Profile.storyboard in Resources */,
				DEFCD747249B364D007D7E75 /* History.storyboard in Resources */,
				F2AA4B9F24B6728700BB00DA /* Settings.storyboard in Resources */,
			);
			runOnlyForDeploymentPostprocessing = 0;
		};
		DE67A32C249889BE000FFEA5 /* Resources */ = {
			isa = PBXResourcesBuildPhase;
			buildActionMask = 2147483647;
			files = (
			);
			runOnlyForDeploymentPostprocessing = 0;
		};
/* End PBXResourcesBuildPhase section */

/* Begin PBXShellScriptBuildPhase section */
		15638D744B0D47421E2D6C5A /* [CP] Embed Pods Frameworks */ = {
			isa = PBXShellScriptBuildPhase;
			buildActionMask = 2147483647;
			files = (
			);
			inputFileListPaths = (
				"${PODS_ROOT}/Target Support Files/Pods-my_tracking_app/Pods-my_tracking_app-frameworks-${CONFIGURATION}-input-files.xcfilelist",
			);
			name = "[CP] Embed Pods Frameworks";
			outputFileListPaths = (
				"${PODS_ROOT}/Target Support Files/Pods-my_tracking_app/Pods-my_tracking_app-frameworks-${CONFIGURATION}-output-files.xcfilelist",
			);
			runOnlyForDeploymentPostprocessing = 0;
			shellPath = /bin/sh;
			shellScript = "\"${PODS_ROOT}/Target Support Files/Pods-my_tracking_app/Pods-my_tracking_app-frameworks.sh\"\n";
			showEnvVarsInLog = 0;
		};
		88660E75E2C32ABE382D5A52 /* [CP] Check Pods Manifest.lock */ = {
			isa = PBXShellScriptBuildPhase;
			buildActionMask = 2147483647;
			files = (
			);
			inputFileListPaths = (
			);
			inputPaths = (
				"${PODS_PODFILE_DIR_PATH}/Podfile.lock",
				"${PODS_ROOT}/Manifest.lock",
			);
			name = "[CP] Check Pods Manifest.lock";
			outputFileListPaths = (
			);
			outputPaths = (
				"$(DERIVED_FILE_DIR)/Pods-my_tracking_app-checkManifestLockResult.txt",
			);
			runOnlyForDeploymentPostprocessing = 0;
			shellPath = /bin/sh;
			shellScript = "diff \"${PODS_PODFILE_DIR_PATH}/Podfile.lock\" \"${PODS_ROOT}/Manifest.lock\" > /dev/null\nif [ $? != 0 ] ; then\n    # print error to STDERR\n    echo \"error: The sandbox is not in sync with the Podfile.lock. Run 'pod install' or update your CocoaPods installation.\" >&2\n    exit 1\nfi\n# This output is used by Xcode 'outputs' to avoid re-running this script phase.\necho \"SUCCESS\" > \"${SCRIPT_OUTPUT_FILE_0}\"\n";
			showEnvVarsInLog = 0;
		};
		91B85A8D8C9FAFD60F803376 /* [CP] Check Pods Manifest.lock */ = {
			isa = PBXShellScriptBuildPhase;
			buildActionMask = 2147483647;
			files = (
			);
			inputFileListPaths = (
			);
			inputPaths = (
				"${PODS_PODFILE_DIR_PATH}/Podfile.lock",
				"${PODS_ROOT}/Manifest.lock",
			);
			name = "[CP] Check Pods Manifest.lock";
			outputFileListPaths = (
			);
			outputPaths = (
				"$(DERIVED_FILE_DIR)/Pods-my_tracking_appTests-checkManifestLockResult.txt",
			);
			runOnlyForDeploymentPostprocessing = 0;
			shellPath = /bin/sh;
			shellScript = "diff \"${PODS_PODFILE_DIR_PATH}/Podfile.lock\" \"${PODS_ROOT}/Manifest.lock\" > /dev/null\nif [ $? != 0 ] ; then\n    # print error to STDERR\n    echo \"error: The sandbox is not in sync with the Podfile.lock. Run 'pod install' or update your CocoaPods installation.\" >&2\n    exit 1\nfi\n# This output is used by Xcode 'outputs' to avoid re-running this script phase.\necho \"SUCCESS\" > \"${SCRIPT_OUTPUT_FILE_0}\"\n";
			showEnvVarsInLog = 0;
		};
/* End PBXShellScriptBuildPhase section */

/* Begin PBXSourcesBuildPhase section */
		DE12BC7224FDEFAB000A1097 /* Sources */ = {
			isa = PBXSourcesBuildPhase;
			buildActionMask = 2147483647;
			files = (
				DE12BC9324FF46D8000A1097 /* SummaryInterfaceController.swift in Sources */,
				DE12BC8024FDEFAB000A1097 /* NotificationController.swift in Sources */,
				DE12BC7E24FDEFAB000A1097 /* ExtensionDelegate.swift in Sources */,
				DE024A10251467C00093A28D /* WorkoutType.swift in Sources */,
				DE024A12251B05650093A28D /* WorkoutShared.swift in Sources */,
				DE12BC7C24FDEFAB000A1097 /* InterfaceController.swift in Sources */,
			);
			runOnlyForDeploymentPostprocessing = 0;
		};
		DE67A311249889BD000FFEA5 /* Sources */ = {
			isa = PBXSourcesBuildPhase;
			buildActionMask = 2147483647;
			files = (
				DE67A34524988DED000FFEA5 /* TabViewController.swift in Sources */,
				F21F730224BCFC0C00F13590 /* LocalizationKeyEnum.swift in Sources */,
				DE67A3802499C902000FFEA5 /* DataManager.swift in Sources */,
				DE67A323249889BD000FFEA5 /* my_tracking_app.xcdatamodeld in Sources */,
				DE67A34B2498A34D000FFEA5 /* HistoryTableViewCell.swift in Sources */,
				DE67A319249889BD000FFEA5 /* AppDelegate.swift in Sources */,
				DE1B12A324E636CB0028FFFD /* HealthData.swift in Sources */,
				DE4FF00A24D0F0F900F980D8 /* ProfileViewController.swift in Sources */,
				DE67A33E24988B6B000FFEA5 /* HistoryViewController.swift in Sources */,
				F2ACEB8E24A1789500ED9079 /* MapViewDelegate.swift in Sources */,
				F2702F0624A5227B002AE16F /* WorkoutDataHelper.swift in Sources */,
				DEB238FB24BE441500364F15 /* ChartFormatter.swift in Sources */,
				F2B350DD24B90D6E0029B093 /* Checkbox.swift in Sources */,
				F2AA4B9D24AAB6E500BB00DA /* SettingsViewController.swift in Sources */,
				DEB238FA24BE441500364F15 /* CubicChart.swift in Sources */,
				DE4F3D6C24A488ED00966B60 /* ToastView.swift in Sources */,
				DE7FCB2024A04915009EC89B /* Timer.swift in Sources */,
				DE1B12AA24E7B8FA0028FFFD /* DeviceMotion.swift in Sources */,
				F2B350DC24B90D6E0029B093 /* CheckTableViewCell.swift in Sources */,
				DE67A31B249889BD000FFEA5 /* SceneDelegate.swift in Sources */,
				F2B350D724B909670029B093 /* SettingSelectionViewController.swift in Sources */,
				E8F3BEC124BFDBFD0037AFD8 /* TextToSpeech.swift in Sources */,
				E82D14F124A287AA002A0773 /* LocationAnnotation.swift in Sources */,
				DE67A34224988B9B000FFEA5 /* MapViewController.swift in Sources */,
				DE0801C624A45AFD00E9F873 /* SummaryViewController.swift in Sources */,
				DEB238FC24BE441500364F15 /* ChartViewController.swift in Sources */,
			);
			runOnlyForDeploymentPostprocessing = 0;
		};
		DE67A32A249889BE000FFEA5 /* Sources */ = {
			isa = PBXSourcesBuildPhase;
			buildActionMask = 2147483647;
			files = (
				F2ACEB9024A1A44200ED9079 /* MyTrackingTests.swift in Sources */,
				F291B55424C0D31700AD2EBF /* WorkoutDataHelperTests.swift in Sources */,
			);
			runOnlyForDeploymentPostprocessing = 0;
		};
/* End PBXSourcesBuildPhase section */

/* Begin PBXTargetDependency section */
		DE12BC7924FDEFAB000A1097 /* PBXTargetDependency */ = {
			isa = PBXTargetDependency;
			target = DE12BC7524FDEFAB000A1097 /* MyTrackingAppWatch Extension */;
			targetProxy = DE12BC7824FDEFAB000A1097 /* PBXContainerItemProxy */;
		};
		DE12BC8624FDEFAC000A1097 /* PBXTargetDependency */ = {
			isa = PBXTargetDependency;
			target = DE12BC6924FDEFA8000A1097 /* MyTrackingAppWatch */;
			targetProxy = DE12BC8524FDEFAC000A1097 /* PBXContainerItemProxy */;
		};
		DE67A330249889BE000FFEA5 /* PBXTargetDependency */ = {
			isa = PBXTargetDependency;
			target = DE67A314249889BD000FFEA5 /* my_tracking_app */;
			targetProxy = DE67A32F249889BE000FFEA5 /* PBXContainerItemProxy */;
		};
/* End PBXTargetDependency section */

/* Begin PBXVariantGroup section */
		DE12BC6C24FDEFA9000A1097 /* Interface.storyboard */ = {
			isa = PBXVariantGroup;
			children = (
				DE12BC6D24FDEFA9000A1097 /* Base */,
			);
			name = Interface.storyboard;
			sourceTree = "<group>";
		};
		DE67A31E249889BD000FFEA5 /* Main.storyboard */ = {
			isa = PBXVariantGroup;
			children = (
				DE67A31F249889BD000FFEA5 /* Base */,
			);
			name = Main.storyboard;
			sourceTree = "<group>";
		};
		DE67A326249889BE000FFEA5 /* LaunchScreen.storyboard */ = {
			isa = PBXVariantGroup;
			children = (
				DE67A327249889BE000FFEA5 /* Base */,
			);
			name = LaunchScreen.storyboard;
			sourceTree = "<group>";
		};
/* End PBXVariantGroup section */

/* Begin XCBuildConfiguration section */
		DE12BC8924FDEFAC000A1097 /* Debug */ = {
			isa = XCBuildConfiguration;
			buildSettings = {
				ALWAYS_EMBED_SWIFT_STANDARD_LIBRARIES = YES;
				ASSETCATALOG_COMPILER_APPICON_NAME = AppIcon;
				CODE_SIGN_STYLE = Automatic;
				CURRENT_PROJECT_VERSION = 32;
				DEVELOPMENT_TEAM = B2ZY5M2YW2;
				IBSC_MODULE = MyTrackingAppWatch_Extension;
				INFOPLIST_FILE = MyTrackingAppWatch/Info.plist;
				MARKETING_VERSION = 1.23;
				PRODUCT_BUNDLE_IDENTIFIER = com.HomeFoxDev.MyTrackingApp.watchkitapp;
				PRODUCT_NAME = "$(TARGET_NAME)";
				SDKROOT = watchos;
				SKIP_INSTALL = YES;
				SWIFT_VERSION = 5.0;
				TARGETED_DEVICE_FAMILY = 4;
				WATCHOS_DEPLOYMENT_TARGET = 6.2;
			};
			name = Debug;
		};
		DE12BC8A24FDEFAC000A1097 /* Release */ = {
			isa = XCBuildConfiguration;
			buildSettings = {
				ALWAYS_EMBED_SWIFT_STANDARD_LIBRARIES = YES;
				ASSETCATALOG_COMPILER_APPICON_NAME = AppIcon;
				CODE_SIGN_STYLE = Automatic;
				CURRENT_PROJECT_VERSION = 32;
				DEVELOPMENT_TEAM = B2ZY5M2YW2;
				IBSC_MODULE = MyTrackingAppWatch_Extension;
				INFOPLIST_FILE = MyTrackingAppWatch/Info.plist;
				MARKETING_VERSION = 1.23;
				PRODUCT_BUNDLE_IDENTIFIER = com.HomeFoxDev.MyTrackingApp.watchkitapp;
				PRODUCT_NAME = "$(TARGET_NAME)";
				SDKROOT = watchos;
				SKIP_INSTALL = YES;
				SWIFT_VERSION = 5.0;
				TARGETED_DEVICE_FAMILY = 4;
				WATCHOS_DEPLOYMENT_TARGET = 6.2;
			};
			name = Release;
		};
		DE12BC8C24FDEFAC000A1097 /* Debug */ = {
			isa = XCBuildConfiguration;
			buildSettings = {
				ASSETCATALOG_COMPILER_COMPLICATION_NAME = Complication;
				CODE_SIGN_STYLE = Automatic;
				CURRENT_PROJECT_VERSION = 32;
				DEVELOPMENT_TEAM = B2ZY5M2YW2;
				INFOPLIST_FILE = "MyTrackingAppWatch Extension/Info.plist";
				LD_RUNPATH_SEARCH_PATHS = (
					"$(inherited)",
					"@executable_path/Frameworks",
					"@executable_path/../../Frameworks",
				);
				MARKETING_VERSION = 1.23;
				PRODUCT_BUNDLE_IDENTIFIER = com.HomeFoxDev.MyTrackingApp.watchkitapp.watchkitextension;
				PRODUCT_NAME = "${TARGET_NAME}";
				SDKROOT = watchos;
				SKIP_INSTALL = YES;
				SWIFT_VERSION = 5.0;
				TARGETED_DEVICE_FAMILY = 4;
				WATCHOS_DEPLOYMENT_TARGET = 6.2;
			};
			name = Debug;
		};
		DE12BC8D24FDEFAC000A1097 /* Release */ = {
			isa = XCBuildConfiguration;
			buildSettings = {
				ASSETCATALOG_COMPILER_COMPLICATION_NAME = Complication;
				CODE_SIGN_STYLE = Automatic;
				CURRENT_PROJECT_VERSION = 32;
				DEVELOPMENT_TEAM = B2ZY5M2YW2;
				INFOPLIST_FILE = "MyTrackingAppWatch Extension/Info.plist";
				LD_RUNPATH_SEARCH_PATHS = (
					"$(inherited)",
					"@executable_path/Frameworks",
					"@executable_path/../../Frameworks",
				);
				MARKETING_VERSION = 1.23;
				PRODUCT_BUNDLE_IDENTIFIER = com.HomeFoxDev.MyTrackingApp.watchkitapp.watchkitextension;
				PRODUCT_NAME = "${TARGET_NAME}";
				SDKROOT = watchos;
				SKIP_INSTALL = YES;
				SWIFT_VERSION = 5.0;
				TARGETED_DEVICE_FAMILY = 4;
				WATCHOS_DEPLOYMENT_TARGET = 6.2;
			};
			name = Release;
		};
		DE67A335249889BE000FFEA5 /* Debug */ = {
			isa = XCBuildConfiguration;
			buildSettings = {
				ALWAYS_SEARCH_USER_PATHS = NO;
				CLANG_ANALYZER_NONNULL = YES;
				CLANG_ANALYZER_NUMBER_OBJECT_CONVERSION = YES_AGGRESSIVE;
				CLANG_CXX_LANGUAGE_STANDARD = "gnu++14";
				CLANG_CXX_LIBRARY = "libc++";
				CLANG_ENABLE_MODULES = YES;
				CLANG_ENABLE_OBJC_ARC = YES;
				CLANG_ENABLE_OBJC_WEAK = YES;
				CLANG_WARN_BLOCK_CAPTURE_AUTORELEASING = YES;
				CLANG_WARN_BOOL_CONVERSION = YES;
				CLANG_WARN_COMMA = YES;
				CLANG_WARN_CONSTANT_CONVERSION = YES;
				CLANG_WARN_DEPRECATED_OBJC_IMPLEMENTATIONS = YES;
				CLANG_WARN_DIRECT_OBJC_ISA_USAGE = YES_ERROR;
				CLANG_WARN_DOCUMENTATION_COMMENTS = YES;
				CLANG_WARN_EMPTY_BODY = YES;
				CLANG_WARN_ENUM_CONVERSION = YES;
				CLANG_WARN_INFINITE_RECURSION = YES;
				CLANG_WARN_INT_CONVERSION = YES;
				CLANG_WARN_NON_LITERAL_NULL_CONVERSION = YES;
				CLANG_WARN_OBJC_IMPLICIT_RETAIN_SELF = YES;
				CLANG_WARN_OBJC_LITERAL_CONVERSION = YES;
				CLANG_WARN_OBJC_ROOT_CLASS = YES_ERROR;
				CLANG_WARN_RANGE_LOOP_ANALYSIS = YES;
				CLANG_WARN_STRICT_PROTOTYPES = YES;
				CLANG_WARN_SUSPICIOUS_MOVE = YES;
				CLANG_WARN_UNGUARDED_AVAILABILITY = YES_AGGRESSIVE;
				CLANG_WARN_UNREACHABLE_CODE = YES;
				CLANG_WARN__DUPLICATE_METHOD_MATCH = YES;
				COPY_PHASE_STRIP = NO;
				DEBUG_INFORMATION_FORMAT = dwarf;
				ENABLE_STRICT_OBJC_MSGSEND = YES;
				ENABLE_TESTABILITY = YES;
				GCC_C_LANGUAGE_STANDARD = gnu11;
				GCC_DYNAMIC_NO_PIC = NO;
				GCC_NO_COMMON_BLOCKS = YES;
				GCC_OPTIMIZATION_LEVEL = 0;
				GCC_PREPROCESSOR_DEFINITIONS = (
					"DEBUG=1",
					"$(inherited)",
				);
				GCC_WARN_64_TO_32_BIT_CONVERSION = YES;
				GCC_WARN_ABOUT_RETURN_TYPE = YES_ERROR;
				GCC_WARN_UNDECLARED_SELECTOR = YES;
				GCC_WARN_UNINITIALIZED_AUTOS = YES_AGGRESSIVE;
				GCC_WARN_UNUSED_FUNCTION = YES;
				GCC_WARN_UNUSED_VARIABLE = YES;
				IPHONEOS_DEPLOYMENT_TARGET = 13.2;
				MTL_ENABLE_DEBUG_INFO = INCLUDE_SOURCE;
				MTL_FAST_MATH = YES;
				ONLY_ACTIVE_ARCH = YES;
				SDKROOT = iphoneos;
				SWIFT_ACTIVE_COMPILATION_CONDITIONS = DEBUG;
				SWIFT_OPTIMIZATION_LEVEL = "-Onone";
			};
			name = Debug;
		};
		DE67A336249889BE000FFEA5 /* Release */ = {
			isa = XCBuildConfiguration;
			buildSettings = {
				ALWAYS_SEARCH_USER_PATHS = NO;
				CLANG_ANALYZER_NONNULL = YES;
				CLANG_ANALYZER_NUMBER_OBJECT_CONVERSION = YES_AGGRESSIVE;
				CLANG_CXX_LANGUAGE_STANDARD = "gnu++14";
				CLANG_CXX_LIBRARY = "libc++";
				CLANG_ENABLE_MODULES = YES;
				CLANG_ENABLE_OBJC_ARC = YES;
				CLANG_ENABLE_OBJC_WEAK = YES;
				CLANG_WARN_BLOCK_CAPTURE_AUTORELEASING = YES;
				CLANG_WARN_BOOL_CONVERSION = YES;
				CLANG_WARN_COMMA = YES;
				CLANG_WARN_CONSTANT_CONVERSION = YES;
				CLANG_WARN_DEPRECATED_OBJC_IMPLEMENTATIONS = YES;
				CLANG_WARN_DIRECT_OBJC_ISA_USAGE = YES_ERROR;
				CLANG_WARN_DOCUMENTATION_COMMENTS = YES;
				CLANG_WARN_EMPTY_BODY = YES;
				CLANG_WARN_ENUM_CONVERSION = YES;
				CLANG_WARN_INFINITE_RECURSION = YES;
				CLANG_WARN_INT_CONVERSION = YES;
				CLANG_WARN_NON_LITERAL_NULL_CONVERSION = YES;
				CLANG_WARN_OBJC_IMPLICIT_RETAIN_SELF = YES;
				CLANG_WARN_OBJC_LITERAL_CONVERSION = YES;
				CLANG_WARN_OBJC_ROOT_CLASS = YES_ERROR;
				CLANG_WARN_RANGE_LOOP_ANALYSIS = YES;
				CLANG_WARN_STRICT_PROTOTYPES = YES;
				CLANG_WARN_SUSPICIOUS_MOVE = YES;
				CLANG_WARN_UNGUARDED_AVAILABILITY = YES_AGGRESSIVE;
				CLANG_WARN_UNREACHABLE_CODE = YES;
				CLANG_WARN__DUPLICATE_METHOD_MATCH = YES;
				COPY_PHASE_STRIP = NO;
				DEBUG_INFORMATION_FORMAT = "dwarf-with-dsym";
				ENABLE_NS_ASSERTIONS = NO;
				ENABLE_STRICT_OBJC_MSGSEND = YES;
				GCC_C_LANGUAGE_STANDARD = gnu11;
				GCC_NO_COMMON_BLOCKS = YES;
				GCC_WARN_64_TO_32_BIT_CONVERSION = YES;
				GCC_WARN_ABOUT_RETURN_TYPE = YES_ERROR;
				GCC_WARN_UNDECLARED_SELECTOR = YES;
				GCC_WARN_UNINITIALIZED_AUTOS = YES_AGGRESSIVE;
				GCC_WARN_UNUSED_FUNCTION = YES;
				GCC_WARN_UNUSED_VARIABLE = YES;
				IPHONEOS_DEPLOYMENT_TARGET = 13.2;
				MTL_ENABLE_DEBUG_INFO = NO;
				MTL_FAST_MATH = YES;
				SDKROOT = iphoneos;
				SWIFT_COMPILATION_MODE = wholemodule;
				SWIFT_OPTIMIZATION_LEVEL = "-O";
				VALIDATE_PRODUCT = YES;
			};
			name = Release;
		};
		DE67A338249889BE000FFEA5 /* Debug */ = {
			isa = XCBuildConfiguration;
			baseConfigurationReference = 2CADC9C854ED767557D76DB2 /* Pods-my_tracking_app.debug.xcconfig */;
			buildSettings = {
				ASSETCATALOG_COMPILER_APPICON_NAME = AppIcon;
				CODE_SIGN_ENTITLEMENTS = my_tracking_app/my_tracking_app.entitlements;
				CODE_SIGN_STYLE = Automatic;
				CURRENT_PROJECT_VERSION = 32;
				DEVELOPMENT_TEAM = B2ZY5M2YW2;
				INFOPLIST_FILE = my_tracking_app/Info.plist;
				LD_RUNPATH_SEARCH_PATHS = (
					"$(inherited)",
					"@executable_path/Frameworks",
				);
				MARKETING_VERSION = 1.23;
				PRODUCT_BUNDLE_IDENTIFIER = com.HomeFoxDev.MyTrackingApp;
				PRODUCT_NAME = "$(TARGET_NAME)";
				SWIFT_VERSION = 5.0;
				TARGETED_DEVICE_FAMILY = "1,2";
			};
			name = Debug;
		};
		DE67A339249889BE000FFEA5 /* Release */ = {
			isa = XCBuildConfiguration;
			baseConfigurationReference = 6A7ECC5C46E31B3FF050AD11 /* Pods-my_tracking_app.release.xcconfig */;
			buildSettings = {
				ASSETCATALOG_COMPILER_APPICON_NAME = AppIcon;
				CODE_SIGN_ENTITLEMENTS = my_tracking_app/my_tracking_app.entitlements;
				CODE_SIGN_STYLE = Automatic;
				CURRENT_PROJECT_VERSION = 32;
				DEVELOPMENT_TEAM = B2ZY5M2YW2;
				INFOPLIST_FILE = my_tracking_app/Info.plist;
				LD_RUNPATH_SEARCH_PATHS = (
					"$(inherited)",
					"@executable_path/Frameworks",
				);
				MARKETING_VERSION = 1.23;
				PRODUCT_BUNDLE_IDENTIFIER = com.HomeFoxDev.MyTrackingApp;
				PRODUCT_NAME = "$(TARGET_NAME)";
				SWIFT_VERSION = 5.0;
				TARGETED_DEVICE_FAMILY = "1,2";
			};
			name = Release;
		};
		DE67A33B249889BE000FFEA5 /* Debug */ = {
			isa = XCBuildConfiguration;
			baseConfigurationReference = 683FC8D79AFBFF15D38889D4 /* Pods-my_tracking_appTests.debug.xcconfig */;
			buildSettings = {
				ALWAYS_EMBED_SWIFT_STANDARD_LIBRARIES = YES;
				BUNDLE_LOADER = "$(TEST_HOST)";
				CLANG_ENABLE_MODULES = YES;
				CODE_SIGN_STYLE = Automatic;
				DEVELOPMENT_TEAM = B2ZY5M2YW2;
				INFOPLIST_FILE = my_tracking_appTests/Info.plist;
				IPHONEOS_DEPLOYMENT_TARGET = 13.2;
				LD_RUNPATH_SEARCH_PATHS = (
					"$(inherited)",
					"@executable_path/Frameworks",
					"@loader_path/Frameworks",
				);
				PRODUCT_BUNDLE_IDENTIFIER = "com.HomeFoxDev.my-tracking-appTests";
				PRODUCT_NAME = "$(TARGET_NAME)";
				SWIFT_OPTIMIZATION_LEVEL = "-Onone";
				SWIFT_VERSION = 5.0;
				TARGETED_DEVICE_FAMILY = "1,2";
				TEST_HOST = "$(BUILT_PRODUCTS_DIR)/my_tracking_app.app/my_tracking_app";
			};
			name = Debug;
		};
		DE67A33C249889BE000FFEA5 /* Release */ = {
			isa = XCBuildConfiguration;
			baseConfigurationReference = 1676BEA3E1160BC82F37ECD3 /* Pods-my_tracking_appTests.release.xcconfig */;
			buildSettings = {
				ALWAYS_EMBED_SWIFT_STANDARD_LIBRARIES = YES;
				BUNDLE_LOADER = "$(TEST_HOST)";
				CLANG_ENABLE_MODULES = YES;
				CODE_SIGN_STYLE = Automatic;
				DEVELOPMENT_TEAM = B2ZY5M2YW2;
				INFOPLIST_FILE = my_tracking_appTests/Info.plist;
				IPHONEOS_DEPLOYMENT_TARGET = 13.2;
				LD_RUNPATH_SEARCH_PATHS = (
					"$(inherited)",
					"@executable_path/Frameworks",
					"@loader_path/Frameworks",
				);
				PRODUCT_BUNDLE_IDENTIFIER = "com.HomeFoxDev.my-tracking-appTests";
				PRODUCT_NAME = "$(TARGET_NAME)";
				SWIFT_VERSION = 5.0;
				TARGETED_DEVICE_FAMILY = "1,2";
				TEST_HOST = "$(BUILT_PRODUCTS_DIR)/my_tracking_app.app/my_tracking_app";
			};
			name = Release;
		};
/* End XCBuildConfiguration section */

/* Begin XCConfigurationList section */
		DE12BC8E24FDEFAC000A1097 /* Build configuration list for PBXNativeTarget "MyTrackingAppWatch Extension" */ = {
			isa = XCConfigurationList;
			buildConfigurations = (
				DE12BC8C24FDEFAC000A1097 /* Debug */,
				DE12BC8D24FDEFAC000A1097 /* Release */,
			);
			defaultConfigurationIsVisible = 0;
			defaultConfigurationName = Release;
		};
		DE12BC8F24FDEFAC000A1097 /* Build configuration list for PBXNativeTarget "MyTrackingAppWatch" */ = {
			isa = XCConfigurationList;
			buildConfigurations = (
				DE12BC8924FDEFAC000A1097 /* Debug */,
				DE12BC8A24FDEFAC000A1097 /* Release */,
			);
			defaultConfigurationIsVisible = 0;
			defaultConfigurationName = Release;
		};
		DE67A310249889BD000FFEA5 /* Build configuration list for PBXProject "my_tracking_app" */ = {
			isa = XCConfigurationList;
			buildConfigurations = (
				DE67A335249889BE000FFEA5 /* Debug */,
				DE67A336249889BE000FFEA5 /* Release */,
			);
			defaultConfigurationIsVisible = 0;
			defaultConfigurationName = Release;
		};
		DE67A337249889BE000FFEA5 /* Build configuration list for PBXNativeTarget "my_tracking_app" */ = {
			isa = XCConfigurationList;
			buildConfigurations = (
				DE67A338249889BE000FFEA5 /* Debug */,
				DE67A339249889BE000FFEA5 /* Release */,
			);
			defaultConfigurationIsVisible = 0;
			defaultConfigurationName = Release;
		};
		DE67A33A249889BE000FFEA5 /* Build configuration list for PBXNativeTarget "my_tracking_appTests" */ = {
			isa = XCConfigurationList;
			buildConfigurations = (
				DE67A33B249889BE000FFEA5 /* Debug */,
				DE67A33C249889BE000FFEA5 /* Release */,
			);
			defaultConfigurationIsVisible = 0;
			defaultConfigurationName = Release;
		};
/* End XCConfigurationList section */

/* Begin XCVersionGroup section */
		DE67A321249889BD000FFEA5 /* my_tracking_app.xcdatamodeld */ = {
			isa = XCVersionGroup;
			children = (
				DE67A322249889BD000FFEA5 /* my_tracking_app.xcdatamodel */,
			);
			currentVersion = DE67A322249889BD000FFEA5 /* my_tracking_app.xcdatamodel */;
			path = my_tracking_app.xcdatamodeld;
			sourceTree = "<group>";
			versionGroupType = wrapper.xcdatamodel;
		};
/* End XCVersionGroup section */
	};
	rootObject = DE67A30D249889BD000FFEA5 /* Project object */;
}
